
Microsoft Visual Studio Solution File, Format Version 12.00
# Visual Studio Version 17
VisualStudioVersion = 17.6.33829.357
MinimumVisualStudioVersion = 10.0.40219.1
Project("{9A19103F-16F7-4668-BE54-9A1E7A4F7556}") = "Student.WebApi", "Student.WebApi.csproj", "{BD999A81-0DFD-4220-AD2B-897954D03C49}"
EndProject
Project("{9A19103F-16F7-4668-BE54-9A1E7A4F7556}") = "StudentCore", "..\StudentCore\StudentCore.csproj", "{04525BC1-A997-451F-982E-CB0409A983E8}"
EndProject
Project("{9A19103F-16F7-4668-BE54-9A1E7A4F7556}") = "StudentDTO", "..\StudentApp\StudentDTO.csproj", "{36C41952-E6E5-42D1-ACCD-E6D60352DF60}"
EndProject
Project("{9A19103F-16F7-4668-BE54-9A1E7A4F7556}") = "StudentServices", "..\StudentServices\StudentServices.csproj", "{84D2D3FD-B5E9-400D-81C8-68A9B24FA372}"
EndProject
Global
	GlobalSection(SolutionConfigurationPlatforms) = preSolution
		Debug|Any CPU = Debug|Any CPU
		Release|Any CPU = Release|Any CPU
	EndGlobalSection
	GlobalSection(ProjectConfigurationPlatforms) = postSolution
		{BD999A81-0DFD-4220-AD2B-897954D03C49}.Debug|Any CPU.ActiveCfg = Debug|Any CPU
		{BD999A81-0DFD-4220-AD2B-897954D03C49}.Debug|Any CPU.Build.0 = Debug|Any CPU
		{BD999A81-0DFD-4220-AD2B-897954D03C49}.Release|Any CPU.ActiveCfg = Release|Any CPU
		{BD999A81-0DFD-4220-AD2B-897954D03C49}.Release|Any CPU.Build.0 = Release|Any CPU
		{04525BC1-A997-451F-982E-CB0409A983E8}.Debug|Any CPU.ActiveCfg = Debug|Any CPU
		{04525BC1-A997-451F-982E-CB0409A983E8}.Debug|Any CPU.Build.0 = Debug|Any CPU
		{04525BC1-A997-451F-982E-CB0409A983E8}.Release|Any CPU.ActiveCfg = Release|Any CPU
		{04525BC1-A997-451F-982E-CB0409A983E8}.Release|Any CPU.Build.0 = Release|Any CPU
		{36C41952-E6E5-42D1-ACCD-E6D60352DF60}.Debug|Any CPU.ActiveCfg = Debug|Any CPU
		{36C41952-E6E5-42D1-ACCD-E6D60352DF60}.Debug|Any CPU.Build.0 = Debug|Any CPU
		{36C41952-E6E5-42D1-ACCD-E6D60352DF60}.Release|Any CPU.ActiveCfg = Release|Any CPU
		{36C41952-E6E5-42D1-ACCD-E6D60352DF60}.Release|Any CPU.Build.0 = Release|Any CPU
		{84D2D3FD-B5E9-400D-81C8-68A9B24FA372}.Debug|Any CPU.ActiveCfg = Debug|Any CPU
		{84D2D3FD-B5E9-400D-81C8-68A9B24FA372}.Debug|Any CPU.Build.0 = Debug|Any CPU
		{84D2D3FD-B5E9-400D-81C8-68A9B24FA372}.Release|Any CPU.ActiveCfg = Release|Any CPU
		{84D2D3FD-B5E9-400D-81C8-68A9B24FA372}.Release|Any CPU.Build.0 = Release|Any CPU
	EndGlobalSection
	GlobalSection(SolutionProperties) = preSolution
		HideSolutionNode = FALSE
	EndGlobalSection
	GlobalSection(ExtensibilityGlobals) = postSolution
		SolutionGuid = {2F9B6721-CAD3-4F9C-9A8C-E07935AF72CC}
	EndGlobalSection
EndGlobal
